
Microsoft Visual Studio Solution File, Format Version 12.00
# Visual Studio Version 17
VisualStudioVersion = 17.5.002.0
MinimumVisualStudioVersion = 10.0.40219.1
Project("{9A19103F-16F7-4668-BE54-9A1E7A4F7556}") = "ejercicio 6", "ejercicio 6.csproj", "{2A22B97E-5EA1-4FCC-B7E3-733ABB93F551}"
EndProject
Global
	GlobalSection(SolutionConfigurationPlatforms) = preSolution
		Debug|Any CPU = Debug|Any CPU
		Release|Any CPU = Release|Any CPU
	EndGlobalSection
	GlobalSection(ProjectConfigurationPlatforms) = postSolution
		{2A22B97E-5EA1-4FCC-B7E3-733ABB93F551}.Debug|Any CPU.ActiveCfg = Debug|Any CPU
		{2A22B97E-5EA1-4FCC-B7E3-733ABB93F551}.Debug|Any CPU.Build.0 = Debug|Any CPU
		{2A22B97E-5EA1-4FCC-B7E3-733ABB93F551}.Release|Any CPU.ActiveCfg = Release|Any CPU
		{2A22B97E-5EA1-4FCC-B7E3-733ABB93F551}.Release|Any CPU.Build.0 = Release|Any CPU
	EndGlobalSection
	GlobalSection(SolutionProperties) = preSolution
		HideSolutionNode = FALSE
	EndGlobalSection
	GlobalSection(ExtensibilityGlobals) = postSolution
		SolutionGuid = {FDE63A28-6ADF-4965-9F1C-8D3C3738FE37}
	EndGlobalSection
EndGlobal
