
Microsoft Visual Studio Solution File, Format Version 12.00
# Visual Studio Version 17
VisualStudioVersion = 17.5.002.0
MinimumVisualStudioVersion = 10.0.40219.1
Project("{9A19103F-16F7-4668-BE54-9A1E7A4F7556}") = "ejercicio 8", "ejercicio 8.csproj", "{737296E7-9448-48A7-B41A-656203F03932}"
EndProject
Global
	GlobalSection(SolutionConfigurationPlatforms) = preSolution
		Debug|Any CPU = Debug|Any CPU
		Release|Any CPU = Release|Any CPU
	EndGlobalSection
	GlobalSection(ProjectConfigurationPlatforms) = postSolution
		{737296E7-9448-48A7-B41A-656203F03932}.Debug|Any CPU.ActiveCfg = Debug|Any CPU
		{737296E7-9448-48A7-B41A-656203F03932}.Debug|Any CPU.Build.0 = Debug|Any CPU
		{737296E7-9448-48A7-B41A-656203F03932}.Release|Any CPU.ActiveCfg = Release|Any CPU
		{737296E7-9448-48A7-B41A-656203F03932}.Release|Any CPU.Build.0 = Release|Any CPU
	EndGlobalSection
	GlobalSection(SolutionProperties) = preSolution
		HideSolutionNode = FALSE
	EndGlobalSection
	GlobalSection(ExtensibilityGlobals) = postSolution
		SolutionGuid = {E8FF2E03-ADD6-4931-B5D4-C379FFD72457}
	EndGlobalSection
EndGlobal
