
Microsoft Visual Studio Solution File, Format Version 12.00
# Visual Studio Version 17
VisualStudioVersion = 17.5.002.0
MinimumVisualStudioVersion = 10.0.40219.1
Project("{9A19103F-16F7-4668-BE54-9A1E7A4F7556}") = "ejercicio 2", "ejercicio 2.csproj", "{F9691B44-49BE-4E62-BB0C-308BBC2BC866}"
EndProject
Global
	GlobalSection(SolutionConfigurationPlatforms) = preSolution
		Debug|Any CPU = Debug|Any CPU
		Release|Any CPU = Release|Any CPU
	EndGlobalSection
	GlobalSection(ProjectConfigurationPlatforms) = postSolution
		{F9691B44-49BE-4E62-BB0C-308BBC2BC866}.Debug|Any CPU.ActiveCfg = Debug|Any CPU
		{F9691B44-49BE-4E62-BB0C-308BBC2BC866}.Debug|Any CPU.Build.0 = Debug|Any CPU
		{F9691B44-49BE-4E62-BB0C-308BBC2BC866}.Release|Any CPU.ActiveCfg = Release|Any CPU
		{F9691B44-49BE-4E62-BB0C-308BBC2BC866}.Release|Any CPU.Build.0 = Release|Any CPU
	EndGlobalSection
	GlobalSection(SolutionProperties) = preSolution
		HideSolutionNode = FALSE
	EndGlobalSection
	GlobalSection(ExtensibilityGlobals) = postSolution
		SolutionGuid = {9075FE81-E488-4961-8805-9386C11E2BA2}
	EndGlobalSection
EndGlobal
